
Microsoft Visual Studio Solution File, Format Version 12.00
# Visual Studio 14
VisualStudioVersion = 14.0.25420.1
MinimumVisualStudioVersion = 10.0.40219.1
Project("{FAE04EC0-301F-11D3-BF4B-00C04F79EFBC}") = "Rhythms.Classic", "Rhytms.Win81\Rhythms.Classic.csproj", "{3FCABAAC-5345-4FEF-9DF5-6A061148D982}"
EndProject
Project("{2150E333-8FDC-42A3-9474-1A3956D46DE8}") = "Classic", "Classic", "{01B3F7DB-9B5B-49CB-9071-FC2646D3F7EB}"
EndProject
Project("{D954291E-2A0B-460D-934E-DC6B0785DB48}") = "Rhythms.Shared", "Rhythms.Shared\Rhythms.Shared.shproj", "{FED7E905-1BC3-4CF7-8083-6668CB06D0AF}"
EndProject
Project("{D954291E-2A0B-460D-934E-DC6B0785DB48}") = "Rhythms.Shared.Xaml", "Rhythms.Shared.Xaml\Rhythms.Shared.Xaml.shproj", "{E405F0A7-EC8E-44C4-83CC-22998D0D28BC}"
EndProject
Global
	GlobalSection(SharedMSBuildProjectFiles) = preSolution
		Rhythms.Shared.Xaml\Rhythms.Shared.Xaml.projitems*{3fcabaac-5345-4fef-9df5-6a061148d982}*SharedItemsImports = 4
		Rhythms.Shared\Rhythms.Shared.projitems*{3fcabaac-5345-4fef-9df5-6a061148d982}*SharedItemsImports = 4
		Rhythms.Shared.Xaml\Rhythms.Shared.Xaml.projitems*{e405f0a7-ec8e-44c4-83cc-22998d0d28bc}*SharedItemsImports = 13
		Rhythms.Shared\Rhythms.Shared.projitems*{fed7e905-1bc3-4cf7-8083-6668cb06d0af}*SharedItemsImports = 13
	EndGlobalSection
	GlobalSection(SolutionConfigurationPlatforms) = preSolution
		CD_ROM|Any CPU = CD_ROM|Any CPU
		CD_ROM|ARM = CD_ROM|ARM
		CD_ROM|iPhone = CD_ROM|iPhone
		CD_ROM|iPhoneSimulator = CD_ROM|iPhoneSimulator
		CD_ROM|x64 = CD_ROM|x64
		CD_ROM|x86 = CD_ROM|x86
		Debug|Any CPU = Debug|Any CPU
		Debug|ARM = Debug|ARM
		Debug|iPhone = Debug|iPhone
		Debug|iPhoneSimulator = Debug|iPhoneSimulator
		Debug|x64 = Debug|x64
		Debug|x86 = Debug|x86
		DVD-5|Any CPU = DVD-5|Any CPU
		DVD-5|ARM = DVD-5|ARM
		DVD-5|iPhone = DVD-5|iPhone
		DVD-5|iPhoneSimulator = DVD-5|iPhoneSimulator
		DVD-5|x64 = DVD-5|x64
		DVD-5|x86 = DVD-5|x86
		Release|Any CPU = Release|Any CPU
		Release|ARM = Release|ARM
		Release|iPhone = Release|iPhone
		Release|iPhoneSimulator = Release|iPhoneSimulator
		Release|x64 = Release|x64
		Release|x86 = Release|x86
		SingleImage|Any CPU = SingleImage|Any CPU
		SingleImage|ARM = SingleImage|ARM
		SingleImage|iPhone = SingleImage|iPhone
		SingleImage|iPhoneSimulator = SingleImage|iPhoneSimulator
		SingleImage|x64 = SingleImage|x64
		SingleImage|x86 = SingleImage|x86
	EndGlobalSection
	GlobalSection(ProjectConfigurationPlatforms) = postSolution
		{3FCABAAC-5345-4FEF-9DF5-6A061148D982}.CD_ROM|Any CPU.ActiveCfg = Release|Any CPU
		{3FCABAAC-5345-4FEF-9DF5-6A061148D982}.CD_ROM|Any CPU.Build.0 = Release|Any CPU
		{3FCABAAC-5345-4FEF-9DF5-6A061148D982}.CD_ROM|ARM.ActiveCfg = Release|Any CPU
		{3FCABAAC-5345-4FEF-9DF5-6A061148D982}.CD_ROM|ARM.Build.0 = Release|Any CPU
		{3FCABAAC-5345-4FEF-9DF5-6A061148D982}.CD_ROM|iPhone.ActiveCfg = Release|Any CPU
		{3FCABAAC-5345-4FEF-9DF5-6A061148D982}.CD_ROM|iPhone.Build.0 = Release|Any CPU
		{3FCABAAC-5345-4FEF-9DF5-6A061148D982}.CD_ROM|iPhoneSimulator.ActiveCfg = Release|Any CPU
		{3FCABAAC-5345-4FEF-9DF5-6A061148D982}.CD_ROM|iPhoneSimulator.Build.0 = Release|Any CPU
		{3FCABAAC-5345-4FEF-9DF5-6A061148D982}.CD_ROM|x64.ActiveCfg = Release|Any CPU
		{3FCABAAC-5345-4FEF-9DF5-6A061148D982}.CD_ROM|x64.Build.0 = Release|Any CPU
		{3FCABAAC-5345-4FEF-9DF5-6A061148D982}.CD_ROM|x86.ActiveCfg = Release|Any CPU
		{3FCABAAC-5345-4FEF-9DF5-6A061148D982}.CD_ROM|x86.Build.0 = Release|Any CPU
		{3FCABAAC-5345-4FEF-9DF5-6A061148D982}.Debug|Any CPU.ActiveCfg = Debug|Any CPU
		{3FCABAAC-5345-4FEF-9DF5-6A061148D982}.Debug|Any CPU.Build.0 = Debug|Any CPU
		{3FCABAAC-5345-4FEF-9DF5-6A061148D982}.Debug|ARM.ActiveCfg = Debug|Any CPU
		{3FCABAAC-5345-4FEF-9DF5-6A061148D982}.Debug|ARM.Build.0 = Debug|Any CPU
		{3FCABAAC-5345-4FEF-9DF5-6A061148D982}.Debug|iPhone.ActiveCfg = Debug|Any CPU
		{3FCABAAC-5345-4FEF-9DF5-6A061148D982}.Debug|iPhone.Build.0 = Debug|Any CPU
		{3FCABAAC-5345-4FEF-9DF5-6A061148D982}.Debug|iPhoneSimulator.ActiveCfg = Debug|Any CPU
		{3FCABAAC-5345-4FEF-9DF5-6A061148D982}.Debug|iPhoneSimulator.Build.0 = Debug|Any CPU
		{3FCABAAC-5345-4FEF-9DF5-6A061148D982}.Debug|x64.ActiveCfg = Debug|Any CPU
		{3FCABAAC-5345-4FEF-9DF5-6A061148D982}.Debug|x64.Build.0 = Debug|Any CPU
		{3FCABAAC-5345-4FEF-9DF5-6A061148D982}.Debug|x86.ActiveCfg = Debug|Any CPU
		{3FCABAAC-5345-4FEF-9DF5-6A061148D982}.Debug|x86.Build.0 = Debug|Any CPU
		{3FCABAAC-5345-4FEF-9DF5-6A061148D982}.DVD-5|Any CPU.ActiveCfg = Debug|Any CPU
		{3FCABAAC-5345-4FEF-9DF5-6A061148D982}.DVD-5|Any CPU.Build.0 = Debug|Any CPU
		{3FCABAAC-5345-4FEF-9DF5-6A061148D982}.DVD-5|ARM.ActiveCfg = Debug|Any CPU
		{3FCABAAC-5345-4FEF-9DF5-6A061148D982}.DVD-5|ARM.Build.0 = Debug|Any CPU
		{3FCABAAC-5345-4FEF-9DF5-6A061148D982}.DVD-5|iPhone.ActiveCfg = Debug|Any CPU
		{3FCABAAC-5345-4FEF-9DF5-6A061148D982}.DVD-5|iPhone.Build.0 = Debug|Any CPU
		{3FCABAAC-5345-4FEF-9DF5-6A061148D982}.DVD-5|iPhoneSimulator.ActiveCfg = Debug|Any CPU
		{3FCABAAC-5345-4FEF-9DF5-6A061148D982}.DVD-5|iPhoneSimulator.Build.0 = Debug|Any CPU
		{3FCABAAC-5345-4FEF-9DF5-6A061148D982}.DVD-5|x64.ActiveCfg = Debug|Any CPU
		{3FCABAAC-5345-4FEF-9DF5-6A061148D982}.DVD-5|x64.Build.0 = Debug|Any CPU
		{3FCABAAC-5345-4FEF-9DF5-6A061148D982}.DVD-5|x86.ActiveCfg = Debug|Any CPU
		{3FCABAAC-5345-4FEF-9DF5-6A061148D982}.DVD-5|x86.Build.0 = Debug|Any CPU
		{3FCABAAC-5345-4FEF-9DF5-6A061148D982}.Release|Any CPU.ActiveCfg = Release|Any CPU
		{3FCABAAC-5345-4FEF-9DF5-6A061148D982}.Release|Any CPU.Build.0 = Release|Any CPU
		{3FCABAAC-5345-4FEF-9DF5-6A061148D982}.Release|ARM.ActiveCfg = Release|Any CPU
		{3FCABAAC-5345-4FEF-9DF5-6A061148D982}.Release|ARM.Build.0 = Release|Any CPU
		{3FCABAAC-5345-4FEF-9DF5-6A061148D982}.Release|iPhone.ActiveCfg = Release|Any CPU
		{3FCABAAC-5345-4FEF-9DF5-6A061148D982}.Release|iPhone.Build.0 = Release|Any CPU
		{3FCABAAC-5345-4FEF-9DF5-6A061148D982}.Release|iPhoneSimulator.ActiveCfg = Release|Any CPU
		{3FCABAAC-5345-4FEF-9DF5-6A061148D982}.Release|iPhoneSimulator.Build.0 = Release|Any CPU
		{3FCABAAC-5345-4FEF-9DF5-6A061148D982}.Release|x64.ActiveCfg = Release|Any CPU
		{3FCABAAC-5345-4FEF-9DF5-6A061148D982}.Release|x64.Build.0 = Release|Any CPU
		{3FCABAAC-5345-4FEF-9DF5-6A061148D982}.Release|x86.ActiveCfg = Release|Any CPU
		{3FCABAAC-5345-4FEF-9DF5-6A061148D982}.Release|x86.Build.0 = Release|Any CPU
		{3FCABAAC-5345-4FEF-9DF5-6A061148D982}.SingleImage|Any CPU.ActiveCfg = Release|Any CPU
		{3FCABAAC-5345-4FEF-9DF5-6A061148D982}.SingleImage|Any CPU.Build.0 = Release|Any CPU
		{3FCABAAC-5345-4FEF-9DF5-6A061148D982}.SingleImage|ARM.ActiveCfg = Release|Any CPU
		{3FCABAAC-5345-4FEF-9DF5-6A061148D982}.SingleImage|ARM.Build.0 = Release|Any CPU
		{3FCABAAC-5345-4FEF-9DF5-6A061148D982}.SingleImage|iPhone.ActiveCfg = Release|Any CPU
		{3FCABAAC-5345-4FEF-9DF5-6A061148D982}.SingleImage|iPhone.Build.0 = Release|Any CPU
		{3FCABAAC-5345-4FEF-9DF5-6A061148D982}.SingleImage|iPhoneSimulator.ActiveCfg = Release|Any CPU
		{3FCABAAC-5345-4FEF-9DF5-6A061148D982}.SingleImage|iPhoneSimulator.Build.0 = Release|Any CPU
		{3FCABAAC-5345-4FEF-9DF5-6A061148D982}.SingleImage|x64.ActiveCfg = Release|Any CPU
		{3FCABAAC-5345-4FEF-9DF5-6A061148D982}.SingleImage|x64.Build.0 = Release|Any CPU
		{3FCABAAC-5345-4FEF-9DF5-6A061148D982}.SingleImage|x86.ActiveCfg = Release|Any CPU
		{3FCABAAC-5345-4FEF-9DF5-6A061148D982}.SingleImage|x86.Build.0 = Release|Any CPU
	EndGlobalSection
	GlobalSection(SolutionProperties) = preSolution
		HideSolutionNode = FALSE
	EndGlobalSection
	GlobalSection(NestedProjects) = preSolution
		{3FCABAAC-5345-4FEF-9DF5-6A061148D982} = {01B3F7DB-9B5B-49CB-9071-FC2646D3F7EB}
	EndGlobalSection
EndGlobal
